{
  "object": {
    "pins": [
      {
        "package": "MulticastDelegate",
        "repositoryURL": "https://github.com/jonasman/MulticastDelegate",
        "state": {
          "branch": "master",
          "revision": "4418ae5c74f13250ab7cd10993f3f29ece92e3dd",
          "version": null
        }
      }
    ]
  },
  "version": 1
}
